
Microsoft Visual Studio Solution File, Format Version 12.00
# Visual Studio Version 16
VisualStudioVersion = 16.0.30711.63
MinimumVisualStudioVersion = 10.0.40219.1
Project("{9A19103F-16F7-4668-BE54-9A1E7A4F7556}") = "MudBlazor.Blazor.Wasm", "MudBlazor.Blazor.Wasm\MudBlazor.Blazor.Wasm.csproj", "{2168D3F5-0411-486E-B89F-040D070540D5}"
EndProject
Project("{FAE04EC0-301F-11D3-BF4B-00C04F79EFBC}") = "MudBlazor.Blazor.Server", "MudBlazor.Blazor.Server\MudBlazor.Blazor.Server.csproj", "{8401FCCF-4064-4731-9D5B-73FA1B395568}"
EndProject
Global
	GlobalSection(SolutionConfigurationPlatforms) = preSolution
		Debug|Any CPU = Debug|Any CPU
		Release|Any CPU = Release|Any CPU
	EndGlobalSection
	GlobalSection(ProjectConfigurationPlatforms) = postSolution
		{2168D3F5-0411-486E-B89F-040D070540D5}.Debug|Any CPU.ActiveCfg = Debug|Any CPU
		{2168D3F5-0411-486E-B89F-040D070540D5}.Debug|Any CPU.Build.0 = Debug|Any CPU
		{2168D3F5-0411-486E-B89F-040D070540D5}.Release|Any CPU.ActiveCfg = Release|Any CPU
		{2168D3F5-0411-486E-B89F-040D070540D5}.Release|Any CPU.Build.0 = Release|Any CPU
		{8401FCCF-4064-4731-9D5B-73FA1B395568}.Debug|Any CPU.ActiveCfg = Debug|Any CPU
		{8401FCCF-4064-4731-9D5B-73FA1B395568}.Debug|Any CPU.Build.0 = Debug|Any CPU
		{8401FCCF-4064-4731-9D5B-73FA1B395568}.Release|Any CPU.ActiveCfg = Release|Any CPU
		{8401FCCF-4064-4731-9D5B-73FA1B395568}.Release|Any CPU.Build.0 = Release|Any CPU
	EndGlobalSection
	GlobalSection(SolutionProperties) = preSolution
		HideSolutionNode = FALSE
	EndGlobalSection
	GlobalSection(ExtensibilityGlobals) = postSolution
		SolutionGuid = {F5D2C755-31C7-42BB-BE6D-93A0306D6F19}
	EndGlobalSection
EndGlobal
