
Microsoft Visual Studio Solution File, Format Version 12.00
# Visual Studio Version 16
VisualStudioVersion = 16.0.31320.298
MinimumVisualStudioVersion = 10.0.40219.1
Project("{9A19103F-16F7-4668-BE54-9A1E7A4F7556}") = "DefaultBlazor.Desktop.Shared", "DefaultBlazor.Desktop.Shared\DefaultBlazor.Desktop.Shared.csproj", "{018BA68D-4396-4CFD-8CF0-DC3476640332}"
EndProject
Project("{9A19103F-16F7-4668-BE54-9A1E7A4F7556}") = "DefaultBlazor.Desktop.WinForms", "DefaultBlazor.Desktop.WinForms\DefaultBlazor.Desktop.WinForms.csproj", "{938FA994-72FB-4401-A7FC-E58A43210184}"
EndProject
Project("{9A19103F-16F7-4668-BE54-9A1E7A4F7556}") = "DefaultBlazor.Desktop.Wpf", "DefaultBlazor.Desktop.Wpf\DefaultBlazor.Desktop.Wpf.csproj", "{DA7641E7-7653-422B-8FE2-C7CB18DD5436}"
EndProject
Project("{2150E333-8FDC-42A3-9474-1A3956D46DE8}") = "Apps", "Apps", "{673CCA56-43E6-41C9-86DC-6DA8EDC9B76E}"
EndProject
Project("{2150E333-8FDC-42A3-9474-1A3956D46DE8}") = "Libs", "Libs", "{760F7582-7AFB-4FBE-8E80-B2185B77207B}"
EndProject
Project("{FAE04EC0-301F-11D3-BF4B-00C04F79EFBC}") = "DefaultBlazor.Desktop.Web", "DefaultBlazor.Desktop.Web\DefaultBlazor.Desktop.Web.csproj", "{853163C9-BECB-49E3-A40D-A2489598B0CA}"
EndProject
Global
	GlobalSection(SolutionConfigurationPlatforms) = preSolution
		Debug|Any CPU = Debug|Any CPU
		Release|Any CPU = Release|Any CPU
	EndGlobalSection
	GlobalSection(ProjectConfigurationPlatforms) = postSolution
		{018BA68D-4396-4CFD-8CF0-DC3476640332}.Debug|Any CPU.ActiveCfg = Debug|Any CPU
		{018BA68D-4396-4CFD-8CF0-DC3476640332}.Debug|Any CPU.Build.0 = Debug|Any CPU
		{018BA68D-4396-4CFD-8CF0-DC3476640332}.Release|Any CPU.ActiveCfg = Release|Any CPU
		{018BA68D-4396-4CFD-8CF0-DC3476640332}.Release|Any CPU.Build.0 = Release|Any CPU
		{938FA994-72FB-4401-A7FC-E58A43210184}.Debug|Any CPU.ActiveCfg = Debug|Any CPU
		{938FA994-72FB-4401-A7FC-E58A43210184}.Debug|Any CPU.Build.0 = Debug|Any CPU
		{938FA994-72FB-4401-A7FC-E58A43210184}.Release|Any CPU.ActiveCfg = Release|Any CPU
		{938FA994-72FB-4401-A7FC-E58A43210184}.Release|Any CPU.Build.0 = Release|Any CPU
		{DA7641E7-7653-422B-8FE2-C7CB18DD5436}.Debug|Any CPU.ActiveCfg = Debug|Any CPU
		{DA7641E7-7653-422B-8FE2-C7CB18DD5436}.Debug|Any CPU.Build.0 = Debug|Any CPU
		{DA7641E7-7653-422B-8FE2-C7CB18DD5436}.Release|Any CPU.ActiveCfg = Release|Any CPU
		{DA7641E7-7653-422B-8FE2-C7CB18DD5436}.Release|Any CPU.Build.0 = Release|Any CPU
		{853163C9-BECB-49E3-A40D-A2489598B0CA}.Debug|Any CPU.ActiveCfg = Debug|Any CPU
		{853163C9-BECB-49E3-A40D-A2489598B0CA}.Debug|Any CPU.Build.0 = Debug|Any CPU
		{853163C9-BECB-49E3-A40D-A2489598B0CA}.Release|Any CPU.ActiveCfg = Release|Any CPU
		{853163C9-BECB-49E3-A40D-A2489598B0CA}.Release|Any CPU.Build.0 = Release|Any CPU
	EndGlobalSection
	GlobalSection(SolutionProperties) = preSolution
		HideSolutionNode = FALSE
	EndGlobalSection
	GlobalSection(NestedProjects) = preSolution
		{018BA68D-4396-4CFD-8CF0-DC3476640332} = {760F7582-7AFB-4FBE-8E80-B2185B77207B}
		{938FA994-72FB-4401-A7FC-E58A43210184} = {673CCA56-43E6-41C9-86DC-6DA8EDC9B76E}
		{DA7641E7-7653-422B-8FE2-C7CB18DD5436} = {673CCA56-43E6-41C9-86DC-6DA8EDC9B76E}
		{853163C9-BECB-49E3-A40D-A2489598B0CA} = {673CCA56-43E6-41C9-86DC-6DA8EDC9B76E}
	EndGlobalSection
	GlobalSection(ExtensibilityGlobals) = postSolution
		SolutionGuid = {C1BBDA00-DD60-4333-92F1-FB5CA8996801}
	EndGlobalSection
EndGlobal
