
Microsoft Visual Studio Solution File, Format Version 12.00
# Visual Studio Version 16
VisualStudioVersion = 16.0.31320.298
MinimumVisualStudioVersion = 10.0.40219.1
Project("{9A19103F-16F7-4668-BE54-9A1E7A4F7556}") = "DefaultBlazor.WinForms", "DefaultBlazor.WinForms\DefaultBlazor.WinForms.csproj", "{2007CBD4-FE30-4F58-A474-54A15F7CDBD0}"
EndProject
Project("{FAE04EC0-301F-11D3-BF4B-00C04F79EFBC}") = "DefaultBlazor.Wpf", "DefaultBlazor.Wpf\DefaultBlazor.Wpf.csproj", "{B4774A68-2BBF-45E8-9501-05F4FB5EC2A9}"
EndProject
Global
	GlobalSection(SolutionConfigurationPlatforms) = preSolution
		Debug|Any CPU = Debug|Any CPU
		Release|Any CPU = Release|Any CPU
	EndGlobalSection
	GlobalSection(ProjectConfigurationPlatforms) = postSolution
		{2007CBD4-FE30-4F58-A474-54A15F7CDBD0}.Debug|Any CPU.ActiveCfg = Debug|Any CPU
		{2007CBD4-FE30-4F58-A474-54A15F7CDBD0}.Debug|Any CPU.Build.0 = Debug|Any CPU
		{2007CBD4-FE30-4F58-A474-54A15F7CDBD0}.Release|Any CPU.ActiveCfg = Release|Any CPU
		{2007CBD4-FE30-4F58-A474-54A15F7CDBD0}.Release|Any CPU.Build.0 = Release|Any CPU
		{B4774A68-2BBF-45E8-9501-05F4FB5EC2A9}.Debug|Any CPU.ActiveCfg = Debug|Any CPU
		{B4774A68-2BBF-45E8-9501-05F4FB5EC2A9}.Debug|Any CPU.Build.0 = Debug|Any CPU
		{B4774A68-2BBF-45E8-9501-05F4FB5EC2A9}.Release|Any CPU.ActiveCfg = Release|Any CPU
		{B4774A68-2BBF-45E8-9501-05F4FB5EC2A9}.Release|Any CPU.Build.0 = Release|Any CPU
	EndGlobalSection
	GlobalSection(SolutionProperties) = preSolution
		HideSolutionNode = FALSE
	EndGlobalSection
	GlobalSection(ExtensibilityGlobals) = postSolution
		SolutionGuid = {C1BBDA00-DD60-4333-92F1-FB5CA8996801}
	EndGlobalSection
EndGlobal
